
Microsoft Visual Studio Solution File, Format Version 12.00
# Visual Studio Version 17
VisualStudioVersion = 17.11.35327.3
MinimumVisualStudioVersion = 10.0.40219.1
Project("{8BC9CEB8-8B4A-11D0-8D11-00A0C91BC942}") = "NetworkLib", "network\NetworkLib\NetworkLib.vcxproj", "{8839500B-B305-443E-8197-940F1C33311D}"
EndProject
Project("{2150E333-8FDC-42A3-9474-1A3956D46DE8}") = "Test", "Test", "{4B453FBD-37E3-4684-A3C3-64AEF635241D}"
EndProject
Project("{8BC9CEB8-8B4A-11D0-8D11-00A0C91BC942}") = "NetClientTest", "network\NetClientTest\NetClientTest.vcxproj", "{C21F6ECF-7CD0-43EC-B8C7-1D9847974638}"
EndProject
Project("{8BC9CEB8-8B4A-11D0-8D11-00A0C91BC942}") = "NetServerTest", "network\NetServerTest\NetServerTest.vcxproj", "{8E5C5294-9F67-43A2-9CC8-90AD30440B48}"
EndProject
Project("{8BC9CEB8-8B4A-11D0-8D11-00A0C91BC942}") = "DX11GameEngine", "engine\DX11GameEngine.vcxproj", "{0657B6A4-7D38-4B3C-8517-2034B37FF84A}"
EndProject
Global
	GlobalSection(SolutionConfigurationPlatforms) = preSolution
		Debug|x64 = Debug|x64
		Debug|x86 = Debug|x86
		Release|x64 = Release|x64
		Release|x86 = Release|x86
	EndGlobalSection
	GlobalSection(ProjectConfigurationPlatforms) = postSolution
		{8839500B-B305-443E-8197-940F1C33311D}.Debug|x64.ActiveCfg = Debug|x64
		{8839500B-B305-443E-8197-940F1C33311D}.Debug|x64.Build.0 = Debug|x64
		{8839500B-B305-443E-8197-940F1C33311D}.Debug|x86.ActiveCfg = Debug|Win32
		{8839500B-B305-443E-8197-940F1C33311D}.Debug|x86.Build.0 = Debug|Win32
		{8839500B-B305-443E-8197-940F1C33311D}.Release|x64.ActiveCfg = Release|x64
		{8839500B-B305-443E-8197-940F1C33311D}.Release|x64.Build.0 = Release|x64
		{8839500B-B305-443E-8197-940F1C33311D}.Release|x86.ActiveCfg = Release|Win32
		{8839500B-B305-443E-8197-940F1C33311D}.Release|x86.Build.0 = Release|Win32
		{C21F6ECF-7CD0-43EC-B8C7-1D9847974638}.Debug|x64.ActiveCfg = Debug|x64
		{C21F6ECF-7CD0-43EC-B8C7-1D9847974638}.Debug|x64.Build.0 = Debug|x64
		{C21F6ECF-7CD0-43EC-B8C7-1D9847974638}.Debug|x86.ActiveCfg = Debug|Win32
		{C21F6ECF-7CD0-43EC-B8C7-1D9847974638}.Debug|x86.Build.0 = Debug|Win32
		{C21F6ECF-7CD0-43EC-B8C7-1D9847974638}.Release|x64.ActiveCfg = Release|x64
		{C21F6ECF-7CD0-43EC-B8C7-1D9847974638}.Release|x64.Build.0 = Release|x64
		{C21F6ECF-7CD0-43EC-B8C7-1D9847974638}.Release|x86.ActiveCfg = Release|Win32
		{C21F6ECF-7CD0-43EC-B8C7-1D9847974638}.Release|x86.Build.0 = Release|Win32
		{8E5C5294-9F67-43A2-9CC8-90AD30440B48}.Debug|x64.ActiveCfg = Debug|x64
		{8E5C5294-9F67-43A2-9CC8-90AD30440B48}.Debug|x64.Build.0 = Debug|x64
		{8E5C5294-9F67-43A2-9CC8-90AD30440B48}.Debug|x86.ActiveCfg = Debug|Win32
		{8E5C5294-9F67-43A2-9CC8-90AD30440B48}.Debug|x86.Build.0 = Debug|Win32
		{8E5C5294-9F67-43A2-9CC8-90AD30440B48}.Release|x64.ActiveCfg = Release|x64
		{8E5C5294-9F67-43A2-9CC8-90AD30440B48}.Release|x64.Build.0 = Release|x64
		{8E5C5294-9F67-43A2-9CC8-90AD30440B48}.Release|x86.ActiveCfg = Release|Win32
		{8E5C5294-9F67-43A2-9CC8-90AD30440B48}.Release|x86.Build.0 = Release|Win32
		{0657B6A4-7D38-4B3C-8517-2034B37FF84A}.Debug|x64.ActiveCfg = Debug|x64
		{0657B6A4-7D38-4B3C-8517-2034B37FF84A}.Debug|x64.Build.0 = Debug|x64
		{0657B6A4-7D38-4B3C-8517-2034B37FF84A}.Debug|x86.ActiveCfg = Debug|Win32
		{0657B6A4-7D38-4B3C-8517-2034B37FF84A}.Debug|x86.Build.0 = Debug|Win32
		{0657B6A4-7D38-4B3C-8517-2034B37FF84A}.Release|x64.ActiveCfg = Release|x64
		{0657B6A4-7D38-4B3C-8517-2034B37FF84A}.Release|x64.Build.0 = Release|x64
		{0657B6A4-7D38-4B3C-8517-2034B37FF84A}.Release|x86.ActiveCfg = Release|Win32
		{0657B6A4-7D38-4B3C-8517-2034B37FF84A}.Release|x86.Build.0 = Release|Win32
	EndGlobalSection
	GlobalSection(SolutionProperties) = preSolution
		HideSolutionNode = FALSE
	EndGlobalSection
	GlobalSection(NestedProjects) = preSolution
		{C21F6ECF-7CD0-43EC-B8C7-1D9847974638} = {4B453FBD-37E3-4684-A3C3-64AEF635241D}
		{8E5C5294-9F67-43A2-9CC8-90AD30440B48} = {4B453FBD-37E3-4684-A3C3-64AEF635241D}
	EndGlobalSection
	GlobalSection(ExtensibilityGlobals) = postSolution
		SolutionGuid = {551AD28E-DC59-4A4C-9097-D5FF8ED7AE05}
	EndGlobalSection
EndGlobal
