<?xml version="1.0" encoding="utf-8"?>
<Project ToolsVersion="4.0" xmlns="http://schemas.microsoft.com/developer/msbuild/2003">
  <ItemGroup>
    <Filter Include="Core">
      <UniqueIdentifier>{7385d030-05ef-4bd3-b6e8-21eb1a632d19}</UniqueIdentifier>
    </Filter>
    <Filter Include="Font">
      <UniqueIdentifier>{0b2d3dce-a871-4846-9de8-ec21f4f3e115}</UniqueIdentifier>
    </Filter>
    <Filter Include="Object">
      <UniqueIdentifier>{e159133b-dfba-4a57-93df-8fd33fe01ccc}</UniqueIdentifier>
    </Filter>
    <Filter Include="Input">
      <UniqueIdentifier>{b5794595-46d9-42ed-b3e4-9f66af3358f9}</UniqueIdentifier>
    </Filter>
    <Filter Include="GameStart">
      <UniqueIdentifier>{dd8dcd91-59c7-4069-8305-5748d43092f3}</UniqueIdentifier>
    </Filter>
    <Filter Include="Scene">
      <UniqueIdentifier>{5360846c-2956-48ea-82d0-51b67e579db6}</UniqueIdentifier>
    </Filter>
    <Filter Include="Shader">
      <UniqueIdentifier>{defbed7b-f262-49c5-8be4-217014eae063}</UniqueIdentifier>
    </Filter>
    <Filter Include="Sound">
      <UniqueIdentifier>{67f0fc60-f163-44ea-91b6-b73616548bb6}</UniqueIdentifier>
    </Filter>
    <Filter Include="Texture">
      <UniqueIdentifier>{af25a8a4-ce3c-4ac3-b235-8b55e00eadbf}</UniqueIdentifier>
    </Filter>
    <Filter Include="Timer">
      <UniqueIdentifier>{21ddd6cd-dc53-4b4e-8c51-4e56a9f5e14f}</UniqueIdentifier>
    </Filter>
    <Filter Include="Mesh">
      <UniqueIdentifier>{000ae2ae-2f9b-4809-8c05-1f1b6bfe2878}</UniqueIdentifier>
    </Filter>
    <Filter Include="FiniteStateM">
      <UniqueIdentifier>{bf0ed2d4-fbc2-4126-b96f-36fb83bb8b25}</UniqueIdentifier>
    </Filter>
    <Filter Include="DesignPattern">
      <UniqueIdentifier>{65f1f11e-fd03-46be-80ed-895df7e42037}</UniqueIdentifier>
    </Filter>
  </ItemGroup>
  <ItemGroup>
    <ClCompile Include="Core\D3Device.cpp">
      <Filter>Core</Filter>
    </ClCompile>
    <ClCompile Include="Core\Core.cpp">
      <Filter>Core</Filter>
    </ClCompile>
    <ClCompile Include="Core\AssetsMgr.cpp">
      <Filter>Core</Filter>
    </ClCompile>
    <ClCompile Include="Core\Window.cpp">
      <Filter>Core</Filter>
    </ClCompile>
    <ClCompile Include="Core\pch.cpp">
      <Filter>Core</Filter>
    </ClCompile>
    <ClCompile Include="Font\FontHandler.cpp">
      <Filter>Font</Filter>
    </ClCompile>
    <ClCompile Include="Font\Font.cpp">
      <Filter>Font</Filter>
    </ClCompile>
    <ClCompile Include="GameStart\Main.cpp">
      <Filter>GameStart</Filter>
    </ClCompile>
    <ClCompile Include="Input\Input.cpp">
      <Filter>Input</Filter>
    </ClCompile>
    <ClCompile Include="Shader\ShaderHandler.cpp">
      <Filter>Shader</Filter>
    </ClCompile>
    <ClCompile Include="Shader\VertexShader.cpp">
      <Filter>Shader</Filter>
    </ClCompile>
    <ClCompile Include="Shader\PixelShader.cpp">
      <Filter>Shader</Filter>
    </ClCompile>
    <ClCompile Include="Shader\Shader.cpp">
      <Filter>Shader</Filter>
    </ClCompile>
    <ClCompile Include="Sound\SoundHandler.cpp">
      <Filter>Sound</Filter>
    </ClCompile>
    <ClCompile Include="Sound\FmodSystem.cpp">
      <Filter>Sound</Filter>
    </ClCompile>
    <ClCompile Include="Sound\HSound.cpp">
      <Filter>Sound</Filter>
    </ClCompile>
    <ClCompile Include="Texture\TextureHandler.cpp">
      <Filter>Texture</Filter>
    </ClCompile>
    <ClCompile Include="Texture\Texture.cpp">
      <Filter>Texture</Filter>
    </ClCompile>
    <ClCompile Include="Timer\SystemTimer.cpp">
      <Filter>Timer</Filter>
    </ClCompile>
    <ClCompile Include="Scene\SceneLobby.cpp">
      <Filter>Scene</Filter>
    </ClCompile>
    <ClCompile Include="Scene\SceneMgr.cpp">
      <Filter>Scene</Filter>
    </ClCompile>
    <ClCompile Include="Mesh\Box2D.cpp">
      <Filter>Mesh</Filter>
    </ClCompile>
    <ClCompile Include="Mesh\Circle2D.cpp">
      <Filter>Mesh</Filter>
    </ClCompile>
    <ClCompile Include="Mesh\Mesh2D.cpp">
      <Filter>Mesh</Filter>
    </ClCompile>
    <ClCompile Include="Mesh\MeshHandler.cpp">
      <Filter>Mesh</Filter>
    </ClCompile>
    <ClCompile Include="Mesh\Sphere2D.cpp">
      <Filter>Mesh</Filter>
    </ClCompile>
    <ClCompile Include="Object\Actor.cpp">
      <Filter>Object</Filter>
    </ClCompile>
    <ClCompile Include="Object\Button.cpp">
      <Filter>Object</Filter>
    </ClCompile>
    <ClCompile Include="Object\Camera.cpp">
      <Filter>Object</Filter>
    </ClCompile>
    <ClCompile Include="Object\Object2D.cpp">
      <Filter>Object</Filter>
    </ClCompile>
    <ClCompile Include="Object\Pawn.cpp">
      <Filter>Object</Filter>
    </ClCompile>
    <ClCompile Include="Object\Transform2D.cpp">
      <Filter>Object</Filter>
    </ClCompile>
    <ClCompile Include="DesignPattern\Observer.cpp">
      <Filter>DesignPattern</Filter>
    </ClCompile>
    <ClCompile Include="DesignPattern\Subject.cpp">
      <Filter>DesignPattern</Filter>
    </ClCompile>
  </ItemGroup>
  <ItemGroup>
    <ClInclude Include="Core\D3Device.h">
      <Filter>Core</Filter>
    </ClInclude>
    <ClInclude Include="Core\DefaultResource.h">
      <Filter>Core</Filter>
    </ClInclude>
    <ClInclude Include="Core\Core.h">
      <Filter>Core</Filter>
    </ClInclude>
    <ClInclude Include="Core\CoreAPI.h">
      <Filter>Core</Filter>
    </ClInclude>
    <ClInclude Include="Core\AssetsMgr.h">
      <Filter>Core</Filter>
    </ClInclude>
    <ClInclude Include="Core\Window.h">
      <Filter>Core</Filter>
    </ClInclude>
    <ClInclude Include="Core\pch.h">
      <Filter>Core</Filter>
    </ClInclude>
    <ClInclude Include="Core\MgrTemplate.h">
      <Filter>Core</Filter>
    </ClInclude>
    <ClInclude Include="Font\FontHandler.h">
      <Filter>Font</Filter>
    </ClInclude>
    <ClInclude Include="Font\Font.h">
      <Filter>Font</Filter>
    </ClInclude>
    <ClInclude Include="Input\Input.h">
      <Filter>Input</Filter>
    </ClInclude>
    <ClInclude Include="Shader\ShaderHandler.h">
      <Filter>Shader</Filter>
    </ClInclude>
    <ClInclude Include="Shader\VertexShader.h">
      <Filter>Shader</Filter>
    </ClInclude>
    <ClInclude Include="Shader\PixelShader.h">
      <Filter>Shader</Filter>
    </ClInclude>
    <ClInclude Include="Shader\Shader.h">
      <Filter>Shader</Filter>
    </ClInclude>
    <ClInclude Include="Sound\HSound.h">
      <Filter>Sound</Filter>
    </ClInclude>
    <ClInclude Include="Sound\SoundHandler.h">
      <Filter>Sound</Filter>
    </ClInclude>
    <ClInclude Include="Sound\FmodSystem.h">
      <Filter>Sound</Filter>
    </ClInclude>
    <ClInclude Include="Texture\TextureHandler.h">
      <Filter>Texture</Filter>
    </ClInclude>
    <ClInclude Include="Texture\Texture.h">
      <Filter>Texture</Filter>
    </ClInclude>
    <ClInclude Include="Timer\SystemTimer.h">
      <Filter>Timer</Filter>
    </ClInclude>
    <ClInclude Include="Scene\Scene.h">
      <Filter>Scene</Filter>
    </ClInclude>
    <ClInclude Include="Scene\SceneLobby.h">
      <Filter>Scene</Filter>
    </ClInclude>
    <ClInclude Include="Scene\SceneMgr.h">
      <Filter>Scene</Filter>
    </ClInclude>
    <ClInclude Include="Mesh\Box2D.h">
      <Filter>Mesh</Filter>
    </ClInclude>
    <ClInclude Include="Mesh\Circle2D.h">
      <Filter>Mesh</Filter>
    </ClInclude>
    <ClInclude Include="Mesh\Mesh2D.h">
      <Filter>Mesh</Filter>
    </ClInclude>
    <ClInclude Include="Mesh\MeshHandler.h">
      <Filter>Mesh</Filter>
    </ClInclude>
    <ClInclude Include="Mesh\Sphere2D.h">
      <Filter>Mesh</Filter>
    </ClInclude>
    <ClInclude Include="Object\Actor.h">
      <Filter>Object</Filter>
    </ClInclude>
    <ClInclude Include="Object\Button.h">
      <Filter>Object</Filter>
    </ClInclude>
    <ClInclude Include="Object\Camera.h">
      <Filter>Object</Filter>
    </ClInclude>
    <ClInclude Include="Object\Object2D.h">
      <Filter>Object</Filter>
    </ClInclude>
    <ClInclude Include="Object\Pawn.h">
      <Filter>Object</Filter>
    </ClInclude>
    <ClInclude Include="EventHandler.h">
      <Filter>Core</Filter>
    </ClInclude>
    <ClInclude Include="FiniteStateM\Transition.h">
      <Filter>FiniteStateM</Filter>
    </ClInclude>
    <ClInclude Include="FiniteStateM\FiniteStateM.h">
      <Filter>FiniteStateM</Filter>
    </ClInclude>
    <ClInclude Include="Object\Transform2D.h">
      <Filter>Object</Filter>
    </ClInclude>
    <ClInclude Include="Object\Transform3D.h">
      <Filter>Object</Filter>
    </ClInclude>
    <ClInclude Include="DesignPattern\Observer.h">
      <Filter>DesignPattern</Filter>
    </ClInclude>
    <ClInclude Include="DesignPattern\Subject.h">
      <Filter>DesignPattern</Filter>
    </ClInclude>
    <ClInclude Include="DesignPattern\Singleton.h">
      <Filter>DesignPattern</Filter>
    </ClInclude>
    <ClInclude Include="Core\HPoint.h">
      <Filter>Core</Filter>
    </ClInclude>
    <ClInclude Include="Core\HRect.h">
      <Filter>Core</Filter>
    </ClInclude>
    <ClInclude Include="Object\Renderable.h">
      <Filter>Object</Filter>
    </ClInclude>
  </ItemGroup>
  <ItemGroup>
    <None Include="..\.clang-format" />
  </ItemGroup>
</Project>