<?xml version="1.0" encoding="utf-8"?>
<Project ToolsVersion="4.0" xmlns="http://schemas.microsoft.com/developer/msbuild/2003">
  <ItemGroup>
    <Filter Include="Engine">
      <UniqueIdentifier>{957bfb1a-306c-4e80-bec1-cf5ff55eba02}</UniqueIdentifier>
    </Filter>
    <Filter Include="Engine\Input">
      <UniqueIdentifier>{63a099af-400a-45a3-aece-c2d79eaffe39}</UniqueIdentifier>
    </Filter>
    <Filter Include="Engine\Mesh">
      <UniqueIdentifier>{04d2e21c-38dd-47b2-a2ca-d1a825cd0a96}</UniqueIdentifier>
    </Filter>
    <Filter Include="Engine\Timer">
      <UniqueIdentifier>{6ea9f566-601a-4aa7-9c1b-09fce606a05f}</UniqueIdentifier>
    </Filter>
    <Filter Include="Engine\Font">
      <UniqueIdentifier>{5f89f745-3bf2-494a-ac7d-4069aedf80b9}</UniqueIdentifier>
    </Filter>
    <Filter Include="Engine\HLSL">
      <UniqueIdentifier>{80e5dd8c-3708-452a-986f-cf2c8afb5e80}</UniqueIdentifier>
    </Filter>
    <Filter Include="Engine\Object">
      <UniqueIdentifier>{fc4fb03b-f87c-4063-87ff-ea18f8129b72}</UniqueIdentifier>
    </Filter>
    <Filter Include="Engine\Texture">
      <UniqueIdentifier>{286d40a3-7ce8-4812-b08a-2494b994f4ab}</UniqueIdentifier>
    </Filter>
    <Filter Include="Engine\Shader">
      <UniqueIdentifier>{20ef4af3-cd53-4c4d-b488-e8f8570dd51e}</UniqueIdentifier>
    </Filter>
    <Filter Include="Engine\GameStart">
      <UniqueIdentifier>{daec4fc2-3d36-4483-92a9-5097ca8a6d5f}</UniqueIdentifier>
    </Filter>
    <Filter Include="Engine\Core">
      <UniqueIdentifier>{e2bcd6d7-6e9f-48f7-ab08-8f09965ca159}</UniqueIdentifier>
    </Filter>
    <Filter Include="Engine\Color">
      <UniqueIdentifier>{83fe6b1c-a009-4b81-8d1c-2e9945069c89}</UniqueIdentifier>
    </Filter>
    <Filter Include="Engine\Sound">
      <UniqueIdentifier>{f32e6ff4-2ad3-47a0-9af0-f42bb47be9e7}</UniqueIdentifier>
    </Filter>
    <Filter Include="Engine\Component">
      <UniqueIdentifier>{343d7eab-3a1d-47c0-85d6-426d3839f8b7}</UniqueIdentifier>
    </Filter>
    <Filter Include="Engine\Scene">
      <UniqueIdentifier>{bbd1442c-dd57-4c59-a250-74f56f5a5c5e}</UniqueIdentifier>
    </Filter>
    <Filter Include="Engine\Sprite">
      <UniqueIdentifier>{662a250f-9d36-4dcf-ac7c-13157a4f5ddd}</UniqueIdentifier>
    </Filter>
    <Filter Include="Engine\FSM">
      <UniqueIdentifier>{e4353116-282f-4af4-827b-22a80f4b8971}</UniqueIdentifier>
    </Filter>
    <Filter Include="Engine\Tile">
      <UniqueIdentifier>{bc6f2f1c-dceb-447e-ba45-653b10e93584}</UniqueIdentifier>
    </Filter>
  </ItemGroup>
  <ItemGroup>
    <ClInclude Include="Font\MyFontHandler.h">
      <Filter>Engine\Font</Filter>
    </ClInclude>
    <ClInclude Include="Font\MyWriterFont.h">
      <Filter>Engine\Font</Filter>
    </ClInclude>
    <ClInclude Include="Core\Singleton.h">
      <Filter>Engine\Core</Filter>
    </ClInclude>
    <ClInclude Include="Core\D3Device.h">
      <Filter>Engine\Core</Filter>
    </ClInclude>
    <ClInclude Include="Core\DefaultResource.h">
      <Filter>Engine\Core</Filter>
    </ClInclude>
    <ClInclude Include="Core\MyCore.h">
      <Filter>Engine\Core</Filter>
    </ClInclude>
    <ClInclude Include="Core\MyResourceManger.h">
      <Filter>Engine\Core</Filter>
    </ClInclude>
    <ClInclude Include="Core\MyWindow.h">
      <Filter>Engine\Core</Filter>
    </ClInclude>
    <ClInclude Include="Core\ResourceHandler.h">
      <Filter>Engine\Core</Filter>
    </ClInclude>
    <ClInclude Include="Core\MyCoreAPI.h">
      <Filter>Engine\Core</Filter>
    </ClInclude>
    <ClInclude Include="Mesh\MyBox2D.h">
      <Filter>Engine\Mesh</Filter>
    </ClInclude>
    <ClInclude Include="Mesh\MyMesh2D.h">
      <Filter>Engine\Mesh</Filter>
    </ClInclude>
    <ClInclude Include="Mesh\MyMeshHandler.h">
      <Filter>Engine\Mesh</Filter>
    </ClInclude>
    <ClInclude Include="Mesh\MyCircle2D.h">
      <Filter>Engine\Mesh</Filter>
    </ClInclude>
    <ClInclude Include="Mesh\MyTransformer2D.h">
      <Filter>Engine\Mesh</Filter>
    </ClInclude>
    <ClInclude Include="Object\MyActor.h">
      <Filter>Engine\Object</Filter>
    </ClInclude>
    <ClInclude Include="Object\MyCamera.h">
      <Filter>Engine\Object</Filter>
    </ClInclude>
    <ClInclude Include="Object\MyObject.h">
      <Filter>Engine\Object</Filter>
    </ClInclude>
    <ClInclude Include="Shader\MyPixelShader.h">
      <Filter>Engine\Shader</Filter>
    </ClInclude>
    <ClInclude Include="Shader\MyShader.h">
      <Filter>Engine\Shader</Filter>
    </ClInclude>
    <ClInclude Include="Shader\MyShaderHandler.h">
      <Filter>Engine\Shader</Filter>
    </ClInclude>
    <ClInclude Include="Shader\MyVertexShader.h">
      <Filter>Engine\Shader</Filter>
    </ClInclude>
    <ClInclude Include="Texture\MyTexture.h">
      <Filter>Engine\Texture</Filter>
    </ClInclude>
    <ClInclude Include="Texture\MyTextureHandler.h">
      <Filter>Engine\Texture</Filter>
    </ClInclude>
    <ClInclude Include="Input\MyInput.h">
      <Filter>Engine\Input</Filter>
    </ClInclude>
    <ClInclude Include="Timer\MyTimer.h">
      <Filter>Engine\Timer</Filter>
    </ClInclude>
    <ClInclude Include="Core\pch.h">
      <Filter>Engine\Core</Filter>
    </ClInclude>
    <ClInclude Include="Color\MyColor.h">
      <Filter>Engine\Color</Filter>
    </ClInclude>
    <ClInclude Include="Sound\MySound.h">
      <Filter>Engine\Sound</Filter>
    </ClInclude>
    <ClInclude Include="Sound\MySoundHandler.h">
      <Filter>Engine\Sound</Filter>
    </ClInclude>
    <ClInclude Include="Sound\MyFmodSystem.h">
      <Filter>Engine\Sound</Filter>
    </ClInclude>
    <ClInclude Include="Timer\MySystemTimer.h">
      <Filter>Engine\Timer</Filter>
    </ClInclude>
    <ClInclude Include="Timer\MyNormalTimer.h">
      <Filter>Engine\Timer</Filter>
    </ClInclude>
    <ClInclude Include="Object\MyPawn.h">
      <Filter>Engine\Object</Filter>
    </ClInclude>
    <ClInclude Include="Component\CollisionComponent.h">
      <Filter>Engine\Component</Filter>
    </ClInclude>
    <ClInclude Include="Component\MoveComponent.h">
      <Filter>Engine\Component</Filter>
    </ClInclude>
    <ClInclude Include="Component\SpriteComponent.h">
      <Filter>Engine\Component</Filter>
    </ClInclude>
    <ClInclude Include="Scene\MyScene.h">
      <Filter>Engine\Scene</Filter>
    </ClInclude>
    <ClInclude Include="Sprite\MySprite.h">
      <Filter>Engine\Sprite</Filter>
    </ClInclude>
    <ClInclude Include="Sprite\MySpriteHandler.h">
      <Filter>Engine\Sprite</Filter>
    </ClInclude>
    <ClInclude Include="FSM\MyFSM.h">
      <Filter>Engine\FSM</Filter>
    </ClInclude>
    <ClInclude Include="FSM\MyFiniteState.h">
      <Filter>Engine\FSM</Filter>
    </ClInclude>
    <ClInclude Include="Scene\MySceneLobby.h">
      <Filter>Engine\Scene</Filter>
    </ClInclude>
    <ClInclude Include="Scene\MySceneManager.h">
      <Filter>Engine\Scene</Filter>
    </ClInclude>
    <ClInclude Include="Scene\MySceneSetting.h">
      <Filter>Engine\Scene</Filter>
    </ClInclude>
    <ClInclude Include="Object\MyButton.h">
      <Filter>Engine\Object</Filter>
    </ClInclude>
    <ClInclude Include="Object\MyTextButton.h">
      <Filter>Engine\Object</Filter>
    </ClInclude>
    <ClInclude Include="Scene\MySceneStage.h">
      <Filter>Engine\Scene</Filter>
    </ClInclude>
    <ClInclude Include="Object\MyImageButton.h">
      <Filter>Engine\Object</Filter>
    </ClInclude>
    <ClInclude Include="Scene\MySceneStage1.h">
      <Filter>Engine\Scene</Filter>
    </ClInclude>
    <ClInclude Include="Tile\MyTile.h">
      <Filter>Engine\Tile</Filter>
    </ClInclude>
    <ClInclude Include="Tile\MyTileManager.h">
      <Filter>Engine\Tile</Filter>
    </ClInclude>
    <ClInclude Include="Scene\MySceneStage2.h">
      <Filter>Engine\Scene</Filter>
    </ClInclude>
    <ClInclude Include="Scene\MySceneStage3.h">
      <Filter>Engine\Scene</Filter>
    </ClInclude>
    <ClInclude Include="Object\ObjectCode.h">
      <Filter>Engine\Object</Filter>
    </ClInclude>
    <ClInclude Include="Object\MyPlayer.h">
      <Filter>Engine\Object</Filter>
    </ClInclude>
    <ClInclude Include="Object\MyWoodBox.h">
      <Filter>Engine\Object</Filter>
    </ClInclude>
    <ClInclude Include="Object\MyObjectManager.h">
      <Filter>Engine\Object</Filter>
    </ClInclude>
    <ClInclude Include="Object\MyRuby.h">
      <Filter>Engine\Object</Filter>
    </ClInclude>
    <ClInclude Include="Object\MyDoor.h">
      <Filter>Engine\Object</Filter>
    </ClInclude>
    <ClInclude Include="Object\MyKey.h">
      <Filter>Engine\Object</Filter>
    </ClInclude>
    <ClInclude Include="Scene\MyStageInterface.h">
      <Filter>Engine\Scene</Filter>
    </ClInclude>
  </ItemGroup>
  <ItemGroup>
    <ClCompile Include="Font\MyFontHandler.cpp">
      <Filter>Engine\Font</Filter>
    </ClCompile>
    <ClCompile Include="Font\MyWriterFont.cpp">
      <Filter>Engine\Font</Filter>
    </ClCompile>
    <ClCompile Include="GameStart\Main.cpp">
      <Filter>Engine\GameStart</Filter>
    </ClCompile>
    <ClCompile Include="Core\D3Device.cpp">
      <Filter>Engine\Core</Filter>
    </ClCompile>
    <ClCompile Include="Core\MyCore.cpp">
      <Filter>Engine\Core</Filter>
    </ClCompile>
    <ClCompile Include="Core\MyResourceManger.cpp">
      <Filter>Engine\Core</Filter>
    </ClCompile>
    <ClCompile Include="Core\MyWindow.cpp">
      <Filter>Engine\Core</Filter>
    </ClCompile>
    <ClCompile Include="Mesh\MyBox2D.cpp">
      <Filter>Engine\Mesh</Filter>
    </ClCompile>
    <ClCompile Include="Mesh\MyMesh2D.cpp">
      <Filter>Engine\Mesh</Filter>
    </ClCompile>
    <ClCompile Include="Mesh\MyCircle2D.cpp">
      <Filter>Engine\Mesh</Filter>
    </ClCompile>
    <ClCompile Include="Mesh\MyTransformer2D.cpp">
      <Filter>Engine\Mesh</Filter>
    </ClCompile>
    <ClCompile Include="Object\MyActor.cpp">
      <Filter>Engine\Object</Filter>
    </ClCompile>
    <ClCompile Include="Object\MyCamera.cpp">
      <Filter>Engine\Object</Filter>
    </ClCompile>
    <ClCompile Include="Object\MyObject.cpp">
      <Filter>Engine\Object</Filter>
    </ClCompile>
    <ClCompile Include="Shader\MyPixelShader.cpp">
      <Filter>Engine\Shader</Filter>
    </ClCompile>
    <ClCompile Include="Shader\MyShader.cpp">
      <Filter>Engine\Shader</Filter>
    </ClCompile>
    <ClCompile Include="Shader\MyShaderHandler.cpp">
      <Filter>Engine\Shader</Filter>
    </ClCompile>
    <ClCompile Include="Shader\MyVertexShader.cpp">
      <Filter>Engine\Shader</Filter>
    </ClCompile>
    <ClCompile Include="Texture\MyTexture.cpp">
      <Filter>Engine\Texture</Filter>
    </ClCompile>
    <ClCompile Include="Texture\MyTextureHandler.cpp">
      <Filter>Engine\Texture</Filter>
    </ClCompile>
    <ClCompile Include="Input\MyInput.cpp">
      <Filter>Engine\Input</Filter>
    </ClCompile>
    <ClCompile Include="Timer\MyTimer.cpp">
      <Filter>Engine\Timer</Filter>
    </ClCompile>
    <ClCompile Include="Core\pch.cpp">
      <Filter>Engine\Core</Filter>
    </ClCompile>
    <ClCompile Include="Mesh\MyMeshHandler.cpp">
      <Filter>Engine\Mesh</Filter>
    </ClCompile>
    <ClCompile Include="Color\MyColor.cpp">
      <Filter>Engine\Color</Filter>
    </ClCompile>
    <ClCompile Include="Sound\MySound.cpp">
      <Filter>Engine\Sound</Filter>
    </ClCompile>
    <ClCompile Include="Sound\MySoundHandler.cpp">
      <Filter>Engine\Sound</Filter>
    </ClCompile>
    <ClCompile Include="Sound\MyFmodSystem.cpp">
      <Filter>Engine\Sound</Filter>
    </ClCompile>
    <ClCompile Include="Timer\MyNormalTimer.cpp">
      <Filter>Engine\Timer</Filter>
    </ClCompile>
    <ClCompile Include="Timer\MySystemTimer.cpp">
      <Filter>Engine\Timer</Filter>
    </ClCompile>
    <ClCompile Include="Object\MyPawn.cpp">
      <Filter>Engine\Object</Filter>
    </ClCompile>
    <ClCompile Include="Component\MoveComponent.cpp">
      <Filter>Engine\Component</Filter>
    </ClCompile>
    <ClCompile Include="Component\SpriteComponent.cpp">
      <Filter>Engine\Component</Filter>
    </ClCompile>
    <ClCompile Include="Component\CollisionComponent.cpp">
      <Filter>Engine\Component</Filter>
    </ClCompile>
    <ClCompile Include="Sprite\MySprite.cpp">
      <Filter>Engine\Sprite</Filter>
    </ClCompile>
    <ClCompile Include="Sprite\MySpriteHandler.cpp">
      <Filter>Engine\Sprite</Filter>
    </ClCompile>
    <ClCompile Include="Scene\MySceneLobby.cpp">
      <Filter>Engine\Scene</Filter>
    </ClCompile>
    <ClCompile Include="Scene\MySceneManager.cpp">
      <Filter>Engine\Scene</Filter>
    </ClCompile>
    <ClCompile Include="Scene\MySceneSetting.cpp">
      <Filter>Engine\Scene</Filter>
    </ClCompile>
    <ClCompile Include="Object\MyButton.cpp">
      <Filter>Engine\Object</Filter>
    </ClCompile>
    <ClCompile Include="Object\MyTextButton.cpp">
      <Filter>Engine\Object</Filter>
    </ClCompile>
    <ClCompile Include="Scene\MySceneStage.cpp">
      <Filter>Engine\Scene</Filter>
    </ClCompile>
    <ClCompile Include="Object\MyImageButton.cpp">
      <Filter>Engine\Object</Filter>
    </ClCompile>
    <ClCompile Include="Scene\MySceneStage1.cpp">
      <Filter>Engine\Scene</Filter>
    </ClCompile>
    <ClCompile Include="Tile\MyTileManager.cpp">
      <Filter>Engine\Tile</Filter>
    </ClCompile>
    <ClCompile Include="Tile\MyTile.cpp">
      <Filter>Engine\Tile</Filter>
    </ClCompile>
    <ClCompile Include="Scene\MySceneStage2.cpp">
      <Filter>Engine\Scene</Filter>
    </ClCompile>
    <ClCompile Include="Scene\MySceneStage3.cpp">
      <Filter>Engine\Scene</Filter>
    </ClCompile>
    <ClCompile Include="Object\MyPlayer.cpp">
      <Filter>Engine\Object</Filter>
    </ClCompile>
    <ClCompile Include="Object\MyWoodBox.cpp">
      <Filter>Engine\Object</Filter>
    </ClCompile>
    <ClCompile Include="Object\MyObjectManager.cpp">
      <Filter>Engine\Object</Filter>
    </ClCompile>
    <ClCompile Include="Object\MyRuby.cpp">
      <Filter>Engine\Object</Filter>
    </ClCompile>
    <ClCompile Include="Object\MyDoor.cpp">
      <Filter>Engine\Object</Filter>
    </ClCompile>
    <ClCompile Include="Object\MyKey.cpp">
      <Filter>Engine\Object</Filter>
    </ClCompile>
    <ClCompile Include="Scene\MyStageInterface.cpp">
      <Filter>Engine\Scene</Filter>
    </ClCompile>
  </ItemGroup>
  <ItemGroup>
    <FxCompile Include="..\data\shaders\PixelShader.hlsl">
      <Filter>Engine\HLSL</Filter>
    </FxCompile>
    <FxCompile Include="..\data\shaders\VertexShader.hlsl">
      <Filter>Engine\HLSL</Filter>
    </FxCompile>
    <FxCompile Include="..\data\Shaders\PixelShaderAlpha.hlsl">
      <Filter>Engine\HLSL</Filter>
    </FxCompile>
    <FxCompile Include="..\data\Shaders\PixelShaderLight.hlsl">
      <Filter>Engine\HLSL</Filter>
    </FxCompile>
    <FxCompile Include="..\data\Shaders\Background.hlsl">
      <Filter>Engine\HLSL</Filter>
    </FxCompile>
    <FxCompile Include="..\data\Shaders\BackgroundMap.hlsl">
      <Filter>Engine\HLSL</Filter>
    </FxCompile>
    <FxCompile Include="..\data\Shaders\BackgroundPause.hlsl">
      <Filter>Engine\HLSL</Filter>
    </FxCompile>
    <FxCompile Include="..\data\Shaders\Ruby.hlsl">
      <Filter>Engine\HLSL</Filter>
    </FxCompile>
  </ItemGroup>
</Project>