<?xml version="1.0" encoding="utf-8"?>
<Project ToolsVersion="4.0" xmlns="http://schemas.microsoft.com/developer/msbuild/2003">
  <ItemGroup>
    <None Include="..\.clang-format" />
    <None Include="..\res\Shader\HBStd.hlsli">
      <Filter>hlsl</Filter>
    </None>
  </ItemGroup>
  <ItemGroup>
    <Filter Include="Core">
      <UniqueIdentifier>{134bb8f2-ebd2-45ad-907e-3e7464feb2e3}</UniqueIdentifier>
    </Filter>
    <Filter Include="Asset">
      <UniqueIdentifier>{07605625-455e-4616-8175-b55e476d80b1}</UniqueIdentifier>
    </Filter>
    <Filter Include="DesignPattern">
      <UniqueIdentifier>{c4f3755e-d4f1-4fbb-a3b9-1e05e98214bb}</UniqueIdentifier>
    </Filter>
    <Filter Include="Gui">
      <UniqueIdentifier>{f4dd9fc3-c916-4b42-9d89-6a878349f656}</UniqueIdentifier>
    </Filter>
    <Filter Include="Input">
      <UniqueIdentifier>{ed5ff568-d328-4d4f-9c9f-5302b9981e8d}</UniqueIdentifier>
    </Filter>
    <Filter Include="Object">
      <UniqueIdentifier>{26eb6ca4-1af9-45c5-a4a5-a2778ca76ebe}</UniqueIdentifier>
    </Filter>
    <Filter Include="Scene">
      <UniqueIdentifier>{bdcb1442-6227-4564-8a6c-07ab4170362f}</UniqueIdentifier>
    </Filter>
    <Filter Include="Timer">
      <UniqueIdentifier>{98921c6e-e4b0-4d28-a916-492a064e97e9}</UniqueIdentifier>
    </Filter>
    <Filter Include="Object\2D">
      <UniqueIdentifier>{f77da6c5-fe91-4d04-ba54-3467525cb5d3}</UniqueIdentifier>
    </Filter>
    <Filter Include="Object\3D">
      <UniqueIdentifier>{0517f265-9335-4041-bcf7-10dea3b3a573}</UniqueIdentifier>
    </Filter>
    <Filter Include="Asset\Factory">
      <UniqueIdentifier>{bc7df4bb-2da1-4742-b339-74b43c2f06e7}</UniqueIdentifier>
    </Filter>
    <Filter Include="Asset\Font">
      <UniqueIdentifier>{7829fb2a-f77c-4bd2-a6bd-f755c0caa2b1}</UniqueIdentifier>
    </Filter>
    <Filter Include="Asset\Mesh">
      <UniqueIdentifier>{4428b743-31dc-4018-94ec-a9f4da68c9e4}</UniqueIdentifier>
    </Filter>
    <Filter Include="Asset\Shader">
      <UniqueIdentifier>{3b26a1fe-4098-467d-a60e-b410ca918981}</UniqueIdentifier>
    </Filter>
    <Filter Include="Asset\Sound">
      <UniqueIdentifier>{e31ad9d9-6c66-4b0d-81ef-419aa6d6ad7d}</UniqueIdentifier>
    </Filter>
    <Filter Include="Asset\Texture">
      <UniqueIdentifier>{7f249e58-61ac-4103-8fa5-eb0bfaa636c4}</UniqueIdentifier>
    </Filter>
    <Filter Include="hlsl">
      <UniqueIdentifier>{2017f099-72ea-414f-892d-00680161d82b}</UniqueIdentifier>
    </Filter>
    <Filter Include="Ai">
      <UniqueIdentifier>{bbeeaafd-9274-4c85-b07f-a3eb3b81a06a}</UniqueIdentifier>
    </Filter>
    <Filter Include="Object\Camera">
      <UniqueIdentifier>{e66dd716-3f0e-4e1e-a4d6-4681e4e134a6}</UniqueIdentifier>
    </Filter>
  </ItemGroup>
  <ItemGroup>
    <ClCompile Include="Core\D3Device.cpp">
      <Filter>Core</Filter>
    </ClCompile>
    <ClCompile Include="Core\EventHandler.cpp">
      <Filter>Core</Filter>
    </ClCompile>
    <ClCompile Include="Core\pch.cpp">
      <Filter>Core</Filter>
    </ClCompile>
    <ClCompile Include="Core\Window.cpp">
      <Filter>Core</Filter>
    </ClCompile>
    <ClCompile Include="Core\Core.cpp">
      <Filter>Core</Filter>
    </ClCompile>
    <ClCompile Include="Asset\AnimationClip.cpp">
      <Filter>Asset</Filter>
    </ClCompile>
    <ClCompile Include="Asset\AssetsMgr.cpp">
      <Filter>Asset</Filter>
    </ClCompile>
    <ClCompile Include="Asset\HBSLoader.cpp">
      <Filter>Asset</Filter>
    </ClCompile>
    <ClCompile Include="Asset\Factory\MeshFactory.cpp">
      <Filter>Asset\Factory</Filter>
    </ClCompile>
    <ClCompile Include="Asset\Factory\ShaderFactory.cpp">
      <Filter>Asset\Factory</Filter>
    </ClCompile>
    <ClCompile Include="Asset\Factory\SoundFactory.cpp">
      <Filter>Asset\Factory</Filter>
    </ClCompile>
    <ClCompile Include="Asset\Factory\TextureFactory.cpp">
      <Filter>Asset\Factory</Filter>
    </ClCompile>
    <ClCompile Include="Asset\Factory\FontFactory.cpp">
      <Filter>Asset\Factory</Filter>
    </ClCompile>
    <ClCompile Include="Asset\Font\LayoutFont.cpp">
      <Filter>Asset\Font</Filter>
    </ClCompile>
    <ClCompile Include="Asset\Font\Font.cpp">
      <Filter>Asset\Font</Filter>
    </ClCompile>
    <ClCompile Include="Asset\Mesh\CubeMap.cpp">
      <Filter>Asset\Mesh</Filter>
    </ClCompile>
    <ClCompile Include="Asset\Mesh\HeightMap.cpp">
      <Filter>Asset\Mesh</Filter>
    </ClCompile>
    <ClCompile Include="Asset\Mesh\Line.cpp">
      <Filter>Asset\Mesh</Filter>
    </ClCompile>
    <ClCompile Include="Asset\Mesh\Mesh.cpp">
      <Filter>Asset\Mesh</Filter>
    </ClCompile>
    <ClCompile Include="Asset\Mesh\Box2D.cpp">
      <Filter>Asset\Mesh</Filter>
    </ClCompile>
    <ClCompile Include="Asset\Mesh\Box3D.cpp">
      <Filter>Asset\Mesh</Filter>
    </ClCompile>
    <ClCompile Include="Asset\Mesh\Circle.cpp">
      <Filter>Asset\Mesh</Filter>
    </ClCompile>
    <ClCompile Include="Asset\Shader\VertexShader.cpp">
      <Filter>Asset\Shader</Filter>
    </ClCompile>
    <ClCompile Include="Asset\Shader\PixelShader.cpp">
      <Filter>Asset\Shader</Filter>
    </ClCompile>
    <ClCompile Include="Asset\Shader\Shader.cpp">
      <Filter>Asset\Shader</Filter>
    </ClCompile>
    <ClCompile Include="Asset\Sound\HSound.cpp">
      <Filter>Asset\Sound</Filter>
    </ClCompile>
    <ClCompile Include="Asset\Texture\HeightTexture.cpp">
      <Filter>Asset\Texture</Filter>
    </ClCompile>
    <ClCompile Include="Asset\Texture\Texture.cpp">
      <Filter>Asset\Texture</Filter>
    </ClCompile>
    <ClCompile Include="Asset\Texture\GeneralTexture.cpp">
      <Filter>Asset\Texture</Filter>
    </ClCompile>
    <ClCompile Include="DesignPattern\Observer.cpp">
      <Filter>DesignPattern</Filter>
    </ClCompile>
    <ClCompile Include="Gui\GameButton.cpp">
      <Filter>Gui</Filter>
    </ClCompile>
    <ClCompile Include="Gui\LobbyButton.cpp">
      <Filter>Gui</Filter>
    </ClCompile>
    <ClCompile Include="Gui\Button.cpp">
      <Filter>Gui</Filter>
    </ClCompile>
    <ClCompile Include="Input\Input.cpp">
      <Filter>Input</Filter>
    </ClCompile>
    <ClCompile Include="Timer\SystemTimer.cpp">
      <Filter>Timer</Filter>
    </ClCompile>
    <ClCompile Include="Scene\SceneMgr.cpp">
      <Filter>Scene</Filter>
    </ClCompile>
    <ClCompile Include="Object\Object.cpp">
      <Filter>Object</Filter>
    </ClCompile>
    <ClCompile Include="Object\2D\Transform2D.cpp">
      <Filter>Object\2D</Filter>
    </ClCompile>
    <ClCompile Include="Object\2D\Object2D.cpp">
      <Filter>Object\2D</Filter>
    </ClCompile>
    <ClCompile Include="Object\3D\Transform3D.cpp">
      <Filter>Object\3D</Filter>
    </ClCompile>
    <ClCompile Include="Object\3D\Object3D.cpp">
      <Filter>Object\3D</Filter>
    </ClCompile>
    <ClCompile Include="Object\EasyRender.cpp">
      <Filter>Object</Filter>
    </ClCompile>
    <ClCompile Include="Asset\Shader\GeometryShader.cpp">
      <Filter>Asset\Shader</Filter>
    </ClCompile>
    <ClCompile Include="Asset\SkmLoader.cpp">
      <Filter>Asset</Filter>
    </ClCompile>
    <ClCompile Include="Asset\Factory\AnimationFactory.cpp">
      <Filter>Asset\Factory</Filter>
    </ClCompile>
    <ClCompile Include="Object\3D\DirectionalLight.cpp">
      <Filter>Object\3D</Filter>
    </ClCompile>
    <ClCompile Include="Object\3D\HeightMapObj.cpp">
      <Filter>Object\3D</Filter>
    </ClCompile>
    <ClCompile Include="Object\3D\QuadTree.cpp">
      <Filter>Object\3D</Filter>
    </ClCompile>
    <ClCompile Include="Object\3D\LineObj.cpp">
      <Filter>Object\3D</Filter>
    </ClCompile>
    <ClCompile Include="Asset\Mesh\Grid.cpp">
      <Filter>Asset\Mesh</Filter>
    </ClCompile>
    <ClCompile Include="Ai\Astar.cpp">
      <Filter>Ai</Filter>
    </ClCompile>
    <ClCompile Include="Object\CollisionComponent.cpp">
      <Filter>Object</Filter>
    </ClCompile>
    <ClCompile Include="Object\Collision.cpp">
      <Filter>Object</Filter>
    </ClCompile>
    <ClCompile Include="Gui\QuestGUI.cpp">
      <Filter>Gui</Filter>
    </ClCompile>
    <ClCompile Include="Object\Camera\Camera.cpp">
      <Filter>Object\Camera</Filter>
    </ClCompile>
    <ClCompile Include="Object\Camera\Frustum.cpp">
      <Filter>Object\Camera</Filter>
    </ClCompile>
  </ItemGroup>
  <ItemGroup>
    <ClInclude Include="Core\D3Device.h">
      <Filter>Core</Filter>
    </ClInclude>
    <ClInclude Include="Core\EventHandler.h">
      <Filter>Core</Filter>
    </ClInclude>
    <ClInclude Include="Core\HPoint.h">
      <Filter>Core</Filter>
    </ClInclude>
    <ClInclude Include="Core\HRect.h">
      <Filter>Core</Filter>
    </ClInclude>
    <ClInclude Include="Core\MgrTemplate.h">
      <Filter>Core</Filter>
    </ClInclude>
    <ClInclude Include="Core\pch.h">
      <Filter>Core</Filter>
    </ClInclude>
    <ClInclude Include="Core\Window.h">
      <Filter>Core</Filter>
    </ClInclude>
    <ClInclude Include="Core\Core.h">
      <Filter>Core</Filter>
    </ClInclude>
    <ClInclude Include="Core\CoreAPI.h">
      <Filter>Core</Filter>
    </ClInclude>
    <ClInclude Include="Asset\AnimationClip.h">
      <Filter>Asset</Filter>
    </ClInclude>
    <ClInclude Include="Asset\AssetsMgr.h">
      <Filter>Asset</Filter>
    </ClInclude>
    <ClInclude Include="Asset\DefaultResource.h">
      <Filter>Asset</Filter>
    </ClInclude>
    <ClInclude Include="Asset\HBSLoader.h">
      <Filter>Asset</Filter>
    </ClInclude>
    <ClInclude Include="Asset\Factory\MeshFactory.h">
      <Filter>Asset\Factory</Filter>
    </ClInclude>
    <ClInclude Include="Asset\Factory\ShaderFactory.h">
      <Filter>Asset\Factory</Filter>
    </ClInclude>
    <ClInclude Include="Asset\Factory\SoundFactory.h">
      <Filter>Asset\Factory</Filter>
    </ClInclude>
    <ClInclude Include="Asset\Factory\TextureFactory.h">
      <Filter>Asset\Factory</Filter>
    </ClInclude>
    <ClInclude Include="Asset\Factory\FontFactory.h">
      <Filter>Asset\Factory</Filter>
    </ClInclude>
    <ClInclude Include="Asset\Font\Font.h">
      <Filter>Asset\Font</Filter>
    </ClInclude>
    <ClInclude Include="Asset\Font\LayoutFont.h">
      <Filter>Asset\Font</Filter>
    </ClInclude>
    <ClInclude Include="Asset\Mesh\Circle.h">
      <Filter>Asset\Mesh</Filter>
    </ClInclude>
    <ClInclude Include="Asset\Mesh\CubeMap.h">
      <Filter>Asset\Mesh</Filter>
    </ClInclude>
    <ClInclude Include="Asset\Mesh\HeightMap.h">
      <Filter>Asset\Mesh</Filter>
    </ClInclude>
    <ClInclude Include="Asset\Mesh\Line.h">
      <Filter>Asset\Mesh</Filter>
    </ClInclude>
    <ClInclude Include="Asset\Mesh\Mesh.h">
      <Filter>Asset\Mesh</Filter>
    </ClInclude>
    <ClInclude Include="Asset\Mesh\Box2D.h">
      <Filter>Asset\Mesh</Filter>
    </ClInclude>
    <ClInclude Include="Asset\Mesh\Box3D.h">
      <Filter>Asset\Mesh</Filter>
    </ClInclude>
    <ClInclude Include="Asset\Shader\Shader.h">
      <Filter>Asset\Shader</Filter>
    </ClInclude>
    <ClInclude Include="Asset\Shader\VertexShader.h">
      <Filter>Asset\Shader</Filter>
    </ClInclude>
    <ClInclude Include="Asset\Shader\ConstantBuffers.h">
      <Filter>Asset\Shader</Filter>
    </ClInclude>
    <ClInclude Include="Asset\Shader\PixelShader.h">
      <Filter>Asset\Shader</Filter>
    </ClInclude>
    <ClInclude Include="Asset\Sound\HSound.h">
      <Filter>Asset\Sound</Filter>
    </ClInclude>
    <ClInclude Include="Asset\Texture\GeneralTexture.h">
      <Filter>Asset\Texture</Filter>
    </ClInclude>
    <ClInclude Include="Asset\Texture\HeightTexture.h">
      <Filter>Asset\Texture</Filter>
    </ClInclude>
    <ClInclude Include="Asset\Texture\Texture.h">
      <Filter>Asset\Texture</Filter>
    </ClInclude>
    <ClInclude Include="DesignPattern\Observer.h">
      <Filter>DesignPattern</Filter>
    </ClInclude>
    <ClInclude Include="DesignPattern\Singleton.h">
      <Filter>DesignPattern</Filter>
    </ClInclude>
    <ClInclude Include="Gui\Button.h">
      <Filter>Gui</Filter>
    </ClInclude>
    <ClInclude Include="Gui\GameButton.h">
      <Filter>Gui</Filter>
    </ClInclude>
    <ClInclude Include="Gui\LobbyButton.h">
      <Filter>Gui</Filter>
    </ClInclude>
    <ClInclude Include="Input\Input.h">
      <Filter>Input</Filter>
    </ClInclude>
    <ClInclude Include="Timer\SystemTimer.h">
      <Filter>Timer</Filter>
    </ClInclude>
    <ClInclude Include="Scene\SceneMgr.h">
      <Filter>Scene</Filter>
    </ClInclude>
    <ClInclude Include="Scene\Scene.h">
      <Filter>Scene</Filter>
    </ClInclude>
    <ClInclude Include="Object\Object.h">
      <Filter>Object</Filter>
    </ClInclude>
    <ClInclude Include="Object\Renderable.h">
      <Filter>Object</Filter>
    </ClInclude>
    <ClInclude Include="Object\2D\Transform2D.h">
      <Filter>Object\2D</Filter>
    </ClInclude>
    <ClInclude Include="Object\2D\Object2D.h">
      <Filter>Object\2D</Filter>
    </ClInclude>
    <ClInclude Include="Object\3D\Object3D.h">
      <Filter>Object\3D</Filter>
    </ClInclude>
    <ClInclude Include="Object\3D\Transform3D.h">
      <Filter>Object\3D</Filter>
    </ClInclude>
    <ClInclude Include="Object\EasyRender.h">
      <Filter>Object</Filter>
    </ClInclude>
    <ClInclude Include="Asset\Shader\GeometryShader.h">
      <Filter>Asset\Shader</Filter>
    </ClInclude>
    <ClInclude Include="Object\Collision.h">
      <Filter>Object</Filter>
    </ClInclude>
    <ClInclude Include="Asset\SkmLoader.h">
      <Filter>Asset</Filter>
    </ClInclude>
    <ClInclude Include="Asset\Factory\AnimationFactory.h">
      <Filter>Asset\Factory</Filter>
    </ClInclude>
    <ClInclude Include="Object\3D\DirectionalLight.h">
      <Filter>Object\3D</Filter>
    </ClInclude>
    <ClInclude Include="Object\3D\HeightMapObj.h">
      <Filter>Object\3D</Filter>
    </ClInclude>
    <ClInclude Include="Object\3D\QuadTree.h">
      <Filter>Object\3D</Filter>
    </ClInclude>
    <ClInclude Include="Object\3D\LineObj.h">
      <Filter>Object\3D</Filter>
    </ClInclude>
    <ClInclude Include="Asset\Mesh\Grid.h">
      <Filter>Asset\Mesh</Filter>
    </ClInclude>
    <ClInclude Include="Ai\Astar.h">
      <Filter>Ai</Filter>
    </ClInclude>
    <ClInclude Include="Object\CollisionComponent.h">
      <Filter>Object</Filter>
    </ClInclude>
    <ClInclude Include="Gui\QuestGUI.h">
      <Filter>Gui</Filter>
    </ClInclude>
    <ClInclude Include="Object\Camera\Frustum.h">
      <Filter>Object\Camera</Filter>
    </ClInclude>
    <ClInclude Include="Object\Camera\Camera.h">
      <Filter>Object\Camera</Filter>
    </ClInclude>
    <ClInclude Include="Core\Debug.h">
      <Filter>Core</Filter>
    </ClInclude>
  </ItemGroup>
  <ItemGroup>
    <FxCompile Include="..\res\Shader\2DBasicVS.hlsl">
      <Filter>hlsl</Filter>
    </FxCompile>
    <FxCompile Include="..\res\Shader\BasicAniVS.hlsl">
      <Filter>hlsl</Filter>
    </FxCompile>
    <FxCompile Include="..\res\Shader\ColorPS.hlsl">
      <Filter>hlsl</Filter>
    </FxCompile>
    <FxCompile Include="..\res\Shader\CubePS.hlsl">
      <Filter>hlsl</Filter>
    </FxCompile>
    <FxCompile Include="..\res\Shader\CubeVS.hlsl">
      <Filter>hlsl</Filter>
    </FxCompile>
    <FxCompile Include="..\res\Shader\LinePS.hlsl">
      <Filter>hlsl</Filter>
    </FxCompile>
    <FxCompile Include="..\res\Shader\LineVS.hlsl">
      <Filter>hlsl</Filter>
    </FxCompile>
    <FxCompile Include="..\res\Shader\BasicPS.hlsl">
      <Filter>hlsl</Filter>
    </FxCompile>
    <FxCompile Include="..\res\Shader\BasicVS.hlsl">
      <Filter>hlsl</Filter>
    </FxCompile>
    <FxCompile Include="..\res\Shader\MergeVS.hlsl">
      <Filter>hlsl</Filter>
    </FxCompile>
    <FxCompile Include="..\res\Shader\MergePS.hlsl">
      <Filter>hlsl</Filter>
    </FxCompile>
    <FxCompile Include="..\res\Shader\NormalGS.hlsl">
      <Filter>hlsl</Filter>
    </FxCompile>
    <FxCompile Include="..\res\Shader\NormalVS.hlsl">
      <Filter>hlsl</Filter>
    </FxCompile>
    <FxCompile Include="..\res\Shader\NormalAniVS.hlsl">
      <Filter>hlsl</Filter>
    </FxCompile>
    <FxCompile Include="..\res\Shader\2DBasicPS.hlsl">
      <Filter>hlsl</Filter>
    </FxCompile>
    <FxCompile Include="..\res\Shader\ColorEnvPS.hlsl">
      <Filter>hlsl</Filter>
    </FxCompile>
    <FxCompile Include="..\res\Shader\BasicEnvPS.hlsl">
      <Filter>hlsl</Filter>
    </FxCompile>
  </ItemGroup>
</Project>