<?xml version="1.0" encoding="utf-8"?>
<Project ToolsVersion="4.0" xmlns="http://schemas.microsoft.com/developer/msbuild/2003">
  <ItemGroup>
    <Filter Include="Engine">
      <UniqueIdentifier>{957bfb1a-306c-4e80-bec1-cf5ff55eba02}</UniqueIdentifier>
    </Filter>
    <Filter Include="Engine\Input">
      <UniqueIdentifier>{63a099af-400a-45a3-aece-c2d79eaffe39}</UniqueIdentifier>
    </Filter>
    <Filter Include="Engine\Mesh">
      <UniqueIdentifier>{04d2e21c-38dd-47b2-a2ca-d1a825cd0a96}</UniqueIdentifier>
    </Filter>
    <Filter Include="Engine\Timer">
      <UniqueIdentifier>{6ea9f566-601a-4aa7-9c1b-09fce606a05f}</UniqueIdentifier>
    </Filter>
    <Filter Include="Engine\Font">
      <UniqueIdentifier>{5f89f745-3bf2-494a-ac7d-4069aedf80b9}</UniqueIdentifier>
    </Filter>
    <Filter Include="Engine\Core">
      <UniqueIdentifier>{678fd39d-7d27-4f62-9b34-6700cd05887a}</UniqueIdentifier>
    </Filter>
    <Filter Include="Engine\HLSL">
      <UniqueIdentifier>{80e5dd8c-3708-452a-986f-cf2c8afb5e80}</UniqueIdentifier>
    </Filter>
    <Filter Include="Engine\GameStart~">
      <UniqueIdentifier>{daec4fc2-3d36-4483-92a9-5097ca8a6d5f}</UniqueIdentifier>
    </Filter>
    <Filter Include="Engine\Manager">
      <UniqueIdentifier>{17d5fa66-cdcb-439b-b22c-7048852ca487}</UniqueIdentifier>
    </Filter>
    <Filter Include="Engine\Object">
      <UniqueIdentifier>{fc4fb03b-f87c-4063-87ff-ea18f8129b72}</UniqueIdentifier>
    </Filter>
    <Filter Include="Engine\Texture">
      <UniqueIdentifier>{286d40a3-7ce8-4812-b08a-2494b994f4ab}</UniqueIdentifier>
    </Filter>
    <Filter Include="Engine\Shader">
      <UniqueIdentifier>{20ef4af3-cd53-4c4d-b488-e8f8570dd51e}</UniqueIdentifier>
    </Filter>
    <Filter Include="Resources">
      <UniqueIdentifier>{bba2f93a-7a91-4e7c-893a-21ccf6c0b6fa}</UniqueIdentifier>
    </Filter>
    <Filter Include="Resources\Textures">
      <UniqueIdentifier>{70c7b20e-d26d-4ba6-978e-95ce57bafbdb}</UniqueIdentifier>
    </Filter>
    <Filter Include="Resources\Fonts">
      <UniqueIdentifier>{c71176ab-5e9e-40ec-ad47-45b1ab795aa2}</UniqueIdentifier>
    </Filter>
    <Filter Include="Resources\Meshes">
      <UniqueIdentifier>{a0b14784-4a82-451f-9fb3-17e5a8764e1f}</UniqueIdentifier>
    </Filter>
  </ItemGroup>
  <ItemGroup>
    <ClInclude Include="MyTimer.h">
      <Filter>Engine\Timer</Filter>
    </ClInclude>
    <ClInclude Include="MyInput.h">
      <Filter>Engine\Input</Filter>
    </ClInclude>
    <ClInclude Include="MyWriterFont.h">
      <Filter>Engine\Font</Filter>
    </ClInclude>
    <ClInclude Include="MyMesh2D.h">
      <Filter>Engine\Mesh</Filter>
    </ClInclude>
    <ClInclude Include="Box2D.h">
      <Filter>Engine\Mesh</Filter>
    </ClInclude>
    <ClInclude Include="Sphere2D.h">
      <Filter>Engine\Mesh</Filter>
    </ClInclude>
    <ClInclude Include="MyTransformer2D.h">
      <Filter>Engine\Mesh</Filter>
    </ClInclude>
    <ClInclude Include="D3Device.h">
      <Filter>Engine\Core</Filter>
    </ClInclude>
    <ClInclude Include="MyCore.h">
      <Filter>Engine\Core</Filter>
    </ClInclude>
    <ClInclude Include="MyWindow.h">
      <Filter>Engine\Core</Filter>
    </ClInclude>
    <ClInclude Include="Component.h">
      <Filter>Engine\Core</Filter>
    </ClInclude>
    <ClInclude Include="MyFontHandler.h">
      <Filter>Engine\Font</Filter>
    </ClInclude>
    <ClInclude Include="Singleton.h">
      <Filter>Engine\Core</Filter>
    </ClInclude>
    <ClInclude Include="MyMeshHandler.h">
      <Filter>Engine\Mesh</Filter>
    </ClInclude>
    <ClInclude Include="MyTextureHandler.h">
      <Filter>Engine\Texture</Filter>
    </ClInclude>
    <ClInclude Include="MyObject.h">
      <Filter>Engine\Object</Filter>
    </ClInclude>
    <ClInclude Include="MyDefaultFontKey.h">
      <Filter>Engine\Font</Filter>
    </ClInclude>
    <ClInclude Include="MyDefaultMeshKey.h">
      <Filter>Engine\Mesh</Filter>
    </ClInclude>
    <ClInclude Include="MyTexture.h">
      <Filter>Engine\Texture</Filter>
    </ClInclude>
    <ClInclude Include="ResourceHandler.h">
      <Filter>Engine\Core</Filter>
    </ClInclude>
    <ClInclude Include="MyShader.h">
      <Filter>Engine\Shader</Filter>
    </ClInclude>
    <ClInclude Include="MyVertexShader.h">
      <Filter>Engine\Shader</Filter>
    </ClInclude>
    <ClInclude Include="MyPixelShader.h">
      <Filter>Engine\Shader</Filter>
    </ClInclude>
    <ClInclude Include="MyCamera.h">
      <Filter>Engine\Object</Filter>
    </ClInclude>
    <ClInclude Include="pch.h">
      <Filter>Engine</Filter>
    </ClInclude>
    <ClInclude Include="MyResourceManger.h">
      <Filter>Engine\Core</Filter>
    </ClInclude>
  </ItemGroup>
  <ItemGroup>
    <ClCompile Include="MyTimer.cpp">
      <Filter>Engine\Timer</Filter>
    </ClCompile>
    <ClCompile Include="MyInput.cpp">
      <Filter>Engine\Input</Filter>
    </ClCompile>
    <ClCompile Include="MyWriterFont.cpp">
      <Filter>Engine\Font</Filter>
    </ClCompile>
    <ClCompile Include="Main.cpp">
      <Filter>Engine\GameStart~</Filter>
    </ClCompile>
    <ClCompile Include="MyMesh2D.cpp">
      <Filter>Engine\Mesh</Filter>
    </ClCompile>
    <ClCompile Include="Box2D.cpp">
      <Filter>Engine\Mesh</Filter>
    </ClCompile>
    <ClCompile Include="Sphere2D.cpp">
      <Filter>Engine\Mesh</Filter>
    </ClCompile>
    <ClCompile Include="MyTransformer2D.cpp">
      <Filter>Engine\Mesh</Filter>
    </ClCompile>
    <ClCompile Include="D3Device.cpp">
      <Filter>Engine\Core</Filter>
    </ClCompile>
    <ClCompile Include="MyCore.cpp">
      <Filter>Engine\Core</Filter>
    </ClCompile>
    <ClCompile Include="MyWindow.cpp">
      <Filter>Engine\Core</Filter>
    </ClCompile>
    <ClCompile Include="MyFontHandler.cpp">
      <Filter>Engine\Font</Filter>
    </ClCompile>
    <ClCompile Include="MyMeshHandler.cpp">
      <Filter>Engine\Mesh</Filter>
    </ClCompile>
    <ClCompile Include="MyTextureHandler.cpp">
      <Filter>Engine\Texture</Filter>
    </ClCompile>
    <ClCompile Include="MyObject.cpp">
      <Filter>Engine\Object</Filter>
    </ClCompile>
    <ClCompile Include="MyTexture.cpp">
      <Filter>Engine\Texture</Filter>
    </ClCompile>
    <ClCompile Include="MyShader.cpp">
      <Filter>Engine\Shader</Filter>
    </ClCompile>
    <ClCompile Include="MyVertexShader.cpp">
      <Filter>Engine\Shader</Filter>
    </ClCompile>
    <ClCompile Include="MyPixelShader.cpp">
      <Filter>Engine\Shader</Filter>
    </ClCompile>
    <ClCompile Include="MyCamera.cpp">
      <Filter>Engine\Object</Filter>
    </ClCompile>
    <ClCompile Include="pch.cpp">
      <Filter>Engine</Filter>
    </ClCompile>
    <ClCompile Include="MyResourceManger.cpp">
      <Filter>Engine\Core</Filter>
    </ClCompile>
  </ItemGroup>
  <ItemGroup>
    <FxCompile Include="VertexShader.hlsl">
      <Filter>Engine\HLSL</Filter>
    </FxCompile>
    <FxCompile Include="PixelShader.hlsl">
      <Filter>Engine\HLSL</Filter>
    </FxCompile>
  </ItemGroup>
  <ItemGroup>
    <None Include="ClassDiagram.cd" />
  </ItemGroup>
</Project>